{
  "version": "3",
  "packages": {
    "specifiers": {
      "npm:@gjsify/esbuild-plugin-transform-ext@0.0.4": "npm:@gjsify/esbuild-plugin-transform-ext@0.0.4",
      "npm:@types/node": "npm:@types/node@18.16.19",
      "npm:bullmq@5.8.2": "npm:bullmq@5.8.2",
      "npm:date-fns@3.6.0": "npm:date-fns@3.6.0",
      "npm:googleapis@140.0.0": "npm:googleapis@140.0.0"
    },
    "npm": {
      "@gjsify/esbuild-plugin-transform-ext@0.0.4": {
        "integrity": "sha512-LusIqHZVmxThA1rkl6ZNEFaKZ0r9nnBY/3YKqdgvEdhhN2g65I1ZVL+zfTUekZ/Tw3KKzT/wXsAONliTn1tJkw==",
        "dependencies": {}
      },
      "@ioredis/commands@1.2.0": {
        "integrity": "sha512-Sx1pU8EM64o2BrqNpEO1CNLtKQwyhuXuqyfH7oGKCk+1a33d2r5saW8zNwm3j6BTExtjrv2BxTgzzkMwts6vGg==",
        "dependencies": {}
      },
      "@msgpackr-extract/msgpackr-extract-darwin-arm64@3.0.3": {
        "integrity": "sha512-QZHtlVgbAdy2zAqNA9Gu1UpIuI8Xvsd1v8ic6B2pZmeFnFcMWiPLfWXh7TVw4eGEZ/C9TH281KwhVoeQUKbyjw==",
        "dependencies": {}
      },
      "@msgpackr-extract/msgpackr-extract-darwin-x64@3.0.3": {
        "integrity": "sha512-mdzd3AVzYKuUmiWOQ8GNhl64/IoFGol569zNRdkLReh6LRLHOXxU4U8eq0JwaD8iFHdVGqSy4IjFL4reoWCDFw==",
        "dependencies": {}
      },
      "@msgpackr-extract/msgpackr-extract-linux-arm64@3.0.3": {
        "integrity": "sha512-YxQL+ax0XqBJDZiKimS2XQaf+2wDGVa1enVRGzEvLLVFeqa5kx2bWbtcSXgsxjQB7nRqqIGFIcLteF/sHeVtQg==",
        "dependencies": {}
      },
      "@msgpackr-extract/msgpackr-extract-linux-arm@3.0.3": {
        "integrity": "sha512-fg0uy/dG/nZEXfYilKoRe7yALaNmHoYeIoJuJ7KJ+YyU2bvY8vPv27f7UKhGRpY6euFYqEVhxCFZgAUNQBM3nw==",
        "dependencies": {}
      },
      "@msgpackr-extract/msgpackr-extract-linux-x64@3.0.3": {
        "integrity": "sha512-cvwNfbP07pKUfq1uH+S6KJ7dT9K8WOE4ZiAcsrSes+UY55E/0jLYc+vq+DO7jlmqRb5zAggExKm0H7O/CBaesg==",
        "dependencies": {}
      },
      "@msgpackr-extract/msgpackr-extract-win32-x64@3.0.3": {
        "integrity": "sha512-x0fWaQtYp4E6sktbsdAqnehxDgEc/VwM7uLsRCYWaiGu0ykYdZPiS8zCWdnjHwyiumousxfBm4SO31eXqwEZhQ==",
        "dependencies": {}
      },
      "@types/node@18.16.19": {
        "integrity": "sha512-IXl7o+R9iti9eBW4Wg2hx1xQDig183jj7YLn8F7udNceyfkbn1ZxmzZXuak20gR40D7pIkIY1kYGx5VIGbaHKA==",
        "dependencies": {}
      },
      "agent-base@7.1.1": {
        "integrity": "sha512-H0TSyFNDMomMNJQBn8wFV5YC/2eJ+VXECwOadZJT554xP6cODZHPX3H9QMQECxvrgiSOP1pHjy1sMWQVYJOUOA==",
        "dependencies": {
          "debug": "debug@4.3.5"
        }
      },
      "base64-js@1.5.1": {
        "integrity": "sha512-AKpaYlHn8t4SVbOHCy+b5+KKgvR4vrsD8vbvrbiQJps7fKDTkjkDry6ji0rUJjC0kzbNePLwzxq8iypo41qeWA==",
        "dependencies": {}
      },
      "bignumber.js@9.1.2": {
        "integrity": "sha512-2/mKyZH9K85bzOEfhXDBFZTGd1CTs+5IHpeFQo9luiBG7hghdC851Pj2WAhb6E3R6b9tZj/XKhbg4fum+Kepug==",
        "dependencies": {}
      },
      "buffer-equal-constant-time@1.0.1": {
        "integrity": "sha512-zRpUiDwd/xk6ADqPMATG8vc9VPrkck7T07OIx0gnjmJAnHnTVXNQG3vfvWNuiZIkwu9KrKdA1iJKfsfTVxE6NA==",
        "dependencies": {}
      },
      "bullmq@5.8.2": {
        "integrity": "sha512-V64+Nz28FO9YEEUiDonG5KFhjihedML/OxuHpB0D5vV8aWcF1ui/5nmjDcCIyx4EXiUUDDypSUotjzcYu8gkeg==",
        "dependencies": {
          "cron-parser": "cron-parser@4.9.0",
          "ioredis": "ioredis@5.4.1",
          "msgpackr": "msgpackr@1.10.2",
          "node-abort-controller": "node-abort-controller@3.1.1",
          "semver": "semver@7.6.2",
          "tslib": "tslib@2.6.3",
          "uuid": "uuid@9.0.1"
        }
      },
      "call-bind@1.0.7": {
        "integrity": "sha512-GHTSNSYICQ7scH7sZ+M2rFopRoLh8t2bLSW6BbgrtLsahOIB5iyAVJf9GjWK3cYTDaMj4XdBpM1cA6pIS0Kv2w==",
        "dependencies": {
          "es-define-property": "es-define-property@1.0.0",
          "es-errors": "es-errors@1.3.0",
          "function-bind": "function-bind@1.1.2",
          "get-intrinsic": "get-intrinsic@1.2.4",
          "set-function-length": "set-function-length@1.2.2"
        }
      },
      "cluster-key-slot@1.1.2": {
        "integrity": "sha512-RMr0FhtfXemyinomL4hrWcYJxmX6deFdCxpJzhDttxgO1+bcCnkk+9drydLVDmAMG7NE6aN/fl4F7ucU/90gAA==",
        "dependencies": {}
      },
      "cron-parser@4.9.0": {
        "integrity": "sha512-p0SaNjrHOnQeR8/VnfGbmg9te2kfyYSQ7Sc/j/6DtPL3JQvKxmjO9TSjNFpujqV3vEYYBvNNvXSxzyksBWAx1Q==",
        "dependencies": {
          "luxon": "luxon@3.4.4"
        }
      },
      "date-fns@3.6.0": {
        "integrity": "sha512-fRHTG8g/Gif+kSh50gaGEdToemgfj74aRX3swtiouboip5JDLAyDE9F11nHMIcvOaXeOC6D7SpNhi7uFyB7Uww==",
        "dependencies": {}
      },
      "debug@4.3.5": {
        "integrity": "sha512-pt0bNEmneDIvdL1Xsd9oDQ/wrQRkXDT4AUWlNZNPKvW5x/jyO9VFXkJUP07vQ2upmw5PlaITaPKc31jK13V+jg==",
        "dependencies": {
          "ms": "ms@2.1.2"
        }
      },
      "define-data-property@1.1.4": {
        "integrity": "sha512-rBMvIzlpA8v6E+SJZoo++HAYqsLrkg7MSfIinMPFhmkorw7X+dOXVJQs+QT69zGkzMyfDnIMN2Wid1+NbL3T+A==",
        "dependencies": {
          "es-define-property": "es-define-property@1.0.0",
          "es-errors": "es-errors@1.3.0",
          "gopd": "gopd@1.0.1"
        }
      },
      "denque@2.1.0": {
        "integrity": "sha512-HVQE3AAb/pxF8fQAoiqpvg9i3evqug3hoiwakOyZAwJm+6vZehbkYXZ0l4JxS+I3QxM97v5aaRNhj8v5oBhekw==",
        "dependencies": {}
      },
      "detect-libc@2.0.3": {
        "integrity": "sha512-bwy0MGW55bG41VqxxypOsdSdGqLwXPI/focwgTYCFMbdUiBAxLg9CFzG08sz2aqzknwiX7Hkl0bQENjg8iLByw==",
        "dependencies": {}
      },
      "ecdsa-sig-formatter@1.0.11": {
        "integrity": "sha512-nagl3RYrbNv6kQkeJIpt6NJZy8twLB/2vtz6yN9Z4vRKHN4/QZJIEbqohALSgwKdnksuY3k5Addp5lg8sVoVcQ==",
        "dependencies": {
          "safe-buffer": "safe-buffer@5.2.1"
        }
      },
      "es-define-property@1.0.0": {
        "integrity": "sha512-jxayLKShrEqqzJ0eumQbVhTYQM27CfT1T35+gCgDFoL82JLsXqTJ76zv6A0YLOgEnLUMvLzsDsGIrl8NFpT2gQ==",
        "dependencies": {
          "get-intrinsic": "get-intrinsic@1.2.4"
        }
      },
      "es-errors@1.3.0": {
        "integrity": "sha512-Zf5H2Kxt2xjTvbJvP2ZWLEICxA6j+hAmMzIlypy4xcBg1vKVnx89Wy0GbS+kf5cwCVFFzdCFh2XSCFNULS6csw==",
        "dependencies": {}
      },
      "extend@3.0.2": {
        "integrity": "sha512-fjquC59cD7CyW6urNXK0FBufkZcoiGG80wTuPujX590cB5Ttln20E2UB4S/WARVqhXffZl2LNgS+gQdPIIim/g==",
        "dependencies": {}
      },
      "function-bind@1.1.2": {
        "integrity": "sha512-7XHNxH7qX9xG5mIwxkhumTox/MIRNcOgDrxWsMt2pAr23WHp6MrRlN7FBSFpCpr+oVO0F744iUgR82nJMfG2SA==",
        "dependencies": {}
      },
      "gaxios@6.6.0": {
        "integrity": "sha512-bpOZVQV5gthH/jVCSuYuokRo2bTKOcuBiVWpjmTn6C5Agl5zclGfTljuGsQZxwwDBkli+YhZhP4TdlqTnhOezQ==",
        "dependencies": {
          "extend": "extend@3.0.2",
          "https-proxy-agent": "https-proxy-agent@7.0.4",
          "is-stream": "is-stream@2.0.1",
          "node-fetch": "node-fetch@2.7.0",
          "uuid": "uuid@9.0.1"
        }
      },
      "gcp-metadata@6.1.0": {
        "integrity": "sha512-Jh/AIwwgaxan+7ZUUmRLCjtchyDiqh4KjBJ5tW3plBZb5iL/BPcso8A5DlzeD9qlw0duCamnNdpFjxwaT0KyKg==",
        "dependencies": {
          "gaxios": "gaxios@6.6.0",
          "json-bigint": "json-bigint@1.0.0"
        }
      },
      "get-intrinsic@1.2.4": {
        "integrity": "sha512-5uYhsJH8VJBTv7oslg4BznJYhDoRI6waYCxMmCdnTrcCrHA/fCFKoTFz2JKKE0HdDFUF7/oQuhzumXJK7paBRQ==",
        "dependencies": {
          "es-errors": "es-errors@1.3.0",
          "function-bind": "function-bind@1.1.2",
          "has-proto": "has-proto@1.0.3",
          "has-symbols": "has-symbols@1.0.3",
          "hasown": "hasown@2.0.2"
        }
      },
      "google-auth-library@9.11.0": {
        "integrity": "sha512-epX3ww/mNnhl6tL45EQ/oixsY8JLEgUFoT4A5E/5iAR4esld9Kqv6IJGk7EmGuOgDvaarwF95hU2+v7Irql9lw==",
        "dependencies": {
          "base64-js": "base64-js@1.5.1",
          "ecdsa-sig-formatter": "ecdsa-sig-formatter@1.0.11",
          "gaxios": "gaxios@6.6.0",
          "gcp-metadata": "gcp-metadata@6.1.0",
          "gtoken": "gtoken@7.1.0",
          "jws": "jws@4.0.0"
        }
      },
      "googleapis-common@7.2.0": {
        "integrity": "sha512-/fhDZEJZvOV3X5jmD+fKxMqma5q2Q9nZNSF3kn1F18tpxmA86BcTxAGBQdM0N89Z3bEaIs+HVznSmFJEAmMTjA==",
        "dependencies": {
          "extend": "extend@3.0.2",
          "gaxios": "gaxios@6.6.0",
          "google-auth-library": "google-auth-library@9.11.0",
          "qs": "qs@6.12.1",
          "url-template": "url-template@2.0.8",
          "uuid": "uuid@9.0.1"
        }
      },
      "googleapis@140.0.0": {
        "integrity": "sha512-r8i++0lnexrvRA0/uogz3N3eJprddjxAcueTO5f09D/U5yxaOm5G+a892QkHsV+o15NP9whlLUiJr9zazb9ePg==",
        "dependencies": {
          "google-auth-library": "google-auth-library@9.11.0",
          "googleapis-common": "googleapis-common@7.2.0"
        }
      },
      "gopd@1.0.1": {
        "integrity": "sha512-d65bNlIadxvpb/A2abVdlqKqV563juRnZ1Wtk6s1sIR8uNsXR70xqIzVqxVf1eTqDunwT2MkczEeaezCKTZhwA==",
        "dependencies": {
          "get-intrinsic": "get-intrinsic@1.2.4"
        }
      },
      "gtoken@7.1.0": {
        "integrity": "sha512-pCcEwRi+TKpMlxAQObHDQ56KawURgyAf6jtIY046fJ5tIv3zDe/LEIubckAO8fj6JnAxLdmWkUfNyulQ2iKdEw==",
        "dependencies": {
          "gaxios": "gaxios@6.6.0",
          "jws": "jws@4.0.0"
        }
      },
      "has-property-descriptors@1.0.2": {
        "integrity": "sha512-55JNKuIW+vq4Ke1BjOTjM2YctQIvCT7GFzHwmfZPGo5wnrgkid0YQtnAleFSqumZm4az3n2BS+erby5ipJdgrg==",
        "dependencies": {
          "es-define-property": "es-define-property@1.0.0"
        }
      },
      "has-proto@1.0.3": {
        "integrity": "sha512-SJ1amZAJUiZS+PhsVLf5tGydlaVB8EdFpaSO4gmiUKUOxk8qzn5AIy4ZeJUmh22znIdk/uMAUT2pl3FxzVUH+Q==",
        "dependencies": {}
      },
      "has-symbols@1.0.3": {
        "integrity": "sha512-l3LCuF6MgDNwTDKkdYGEihYjt5pRPbEg46rtlmnSPlUbgmB8LOIrKJbYYFBSbnPaJexMKtiPO8hmeRjRz2Td+A==",
        "dependencies": {}
      },
      "hasown@2.0.2": {
        "integrity": "sha512-0hJU9SCPvmMzIBdZFqNPXWa6dqh7WdH0cII9y+CyS8rG3nL48Bclra9HmKhVVUHyPWNH5Y7xDwAB7bfgSjkUMQ==",
        "dependencies": {
          "function-bind": "function-bind@1.1.2"
        }
      },
      "https-proxy-agent@7.0.4": {
        "integrity": "sha512-wlwpilI7YdjSkWaQ/7omYBMTliDcmCN8OLihO6I9B86g06lMyAoqgoDpV0XqoaPOKj+0DIdAvnsWfyAAhmimcg==",
        "dependencies": {
          "agent-base": "agent-base@7.1.1",
          "debug": "debug@4.3.5"
        }
      },
      "ioredis@5.4.1": {
        "integrity": "sha512-2YZsvl7jopIa1gaePkeMtd9rAcSjOOjPtpcLlOeusyO+XH2SK5ZcT+UCrElPP+WVIInh2TzeI4XW9ENaSLVVHA==",
        "dependencies": {
          "@ioredis/commands": "@ioredis/commands@1.2.0",
          "cluster-key-slot": "cluster-key-slot@1.1.2",
          "debug": "debug@4.3.5",
          "denque": "denque@2.1.0",
          "lodash.defaults": "lodash.defaults@4.2.0",
          "lodash.isarguments": "lodash.isarguments@3.1.0",
          "redis-errors": "redis-errors@1.2.0",
          "redis-parser": "redis-parser@3.0.0",
          "standard-as-callback": "standard-as-callback@2.1.0"
        }
      },
      "is-stream@2.0.1": {
        "integrity": "sha512-hFoiJiTl63nn+kstHGBtewWSKnQLpyb155KHheA1l39uvtO9nWIop1p3udqPcUd/xbF1VLMO4n7OI6p7RbngDg==",
        "dependencies": {}
      },
      "json-bigint@1.0.0": {
        "integrity": "sha512-SiPv/8VpZuWbvLSMtTDU8hEfrZWg/mH/nV/b4o0CYbSxu1UIQPLdwKOCIyLQX+VIPO5vrLX3i8qtqFyhdPSUSQ==",
        "dependencies": {
          "bignumber.js": "bignumber.js@9.1.2"
        }
      },
      "jwa@2.0.0": {
        "integrity": "sha512-jrZ2Qx916EA+fq9cEAeCROWPTfCwi1IVHqT2tapuqLEVVDKFDENFw1oL+MwrTvH6msKxsd1YTDVw6uKEcsrLEA==",
        "dependencies": {
          "buffer-equal-constant-time": "buffer-equal-constant-time@1.0.1",
          "ecdsa-sig-formatter": "ecdsa-sig-formatter@1.0.11",
          "safe-buffer": "safe-buffer@5.2.1"
        }
      },
      "jws@4.0.0": {
        "integrity": "sha512-KDncfTmOZoOMTFG4mBlG0qUIOlc03fmzH+ru6RgYVZhPkyiy/92Owlt/8UEN+a4TXR1FQetfIpJE8ApdvdVxTg==",
        "dependencies": {
          "jwa": "jwa@2.0.0",
          "safe-buffer": "safe-buffer@5.2.1"
        }
      },
      "lodash.defaults@4.2.0": {
        "integrity": "sha512-qjxPLHd3r5DnsdGacqOMU6pb/avJzdh9tFX2ymgoZE27BmjXrNy/y4LoaiTeAb+O3gL8AfpJGtqfX/ae2leYYQ==",
        "dependencies": {}
      },
      "lodash.isarguments@3.1.0": {
        "integrity": "sha512-chi4NHZlZqZD18a0imDHnZPrDeBbTtVN7GXMwuGdRH9qotxAjYs3aVLKc7zNOG9eddR5Ksd8rvFEBc9SsggPpg==",
        "dependencies": {}
      },
      "luxon@3.4.4": {
        "integrity": "sha512-zobTr7akeGHnv7eBOXcRgMeCP6+uyYsczwmeRCauvpvaAltgNyTbLH/+VaEAPUeWBT+1GuNmz4wC/6jtQzbbVA==",
        "dependencies": {}
      },
      "ms@2.1.2": {
        "integrity": "sha512-sGkPx+VjMtmA6MX27oA4FBFELFCZZ4S4XqeGOXCv68tT+jb3vk/RyaKWP0PTKyWtmLSM0b+adUTEvbs1PEaH2w==",
        "dependencies": {}
      },
      "msgpackr-extract@3.0.3": {
        "integrity": "sha512-P0efT1C9jIdVRefqjzOQ9Xml57zpOXnIuS+csaB4MdZbTdmGDLo8XhzBG1N7aO11gKDDkJvBLULeFTo46wwreA==",
        "dependencies": {
          "@msgpackr-extract/msgpackr-extract-darwin-arm64": "@msgpackr-extract/msgpackr-extract-darwin-arm64@3.0.3",
          "@msgpackr-extract/msgpackr-extract-darwin-x64": "@msgpackr-extract/msgpackr-extract-darwin-x64@3.0.3",
          "@msgpackr-extract/msgpackr-extract-linux-arm": "@msgpackr-extract/msgpackr-extract-linux-arm@3.0.3",
          "@msgpackr-extract/msgpackr-extract-linux-arm64": "@msgpackr-extract/msgpackr-extract-linux-arm64@3.0.3",
          "@msgpackr-extract/msgpackr-extract-linux-x64": "@msgpackr-extract/msgpackr-extract-linux-x64@3.0.3",
          "@msgpackr-extract/msgpackr-extract-win32-x64": "@msgpackr-extract/msgpackr-extract-win32-x64@3.0.3",
          "node-gyp-build-optional-packages": "node-gyp-build-optional-packages@5.2.2"
        }
      },
      "msgpackr@1.10.2": {
        "integrity": "sha512-L60rsPynBvNE+8BWipKKZ9jHcSGbtyJYIwjRq0VrIvQ08cRjntGXJYW/tmciZ2IHWIY8WEW32Qa2xbh5+SKBZA==",
        "dependencies": {
          "msgpackr-extract": "msgpackr-extract@3.0.3"
        }
      },
      "node-abort-controller@3.1.1": {
        "integrity": "sha512-AGK2yQKIjRuqnc6VkX2Xj5d+QW8xZ87pa1UK6yA6ouUyuxfHuMP6umE5QK7UmTeOAymo+Zx1Fxiuw9rVx8taHQ==",
        "dependencies": {}
      },
      "node-fetch@2.7.0": {
        "integrity": "sha512-c4FRfUm/dbcWZ7U+1Wq0AwCyFL+3nt2bEw05wfxSz+DWpWsitgmSgYmy2dQdWyKC1694ELPqMs/YzUSNozLt8A==",
        "dependencies": {
          "whatwg-url": "whatwg-url@5.0.0"
        }
      },
      "node-gyp-build-optional-packages@5.2.2": {
        "integrity": "sha512-s+w+rBWnpTMwSFbaE0UXsRlg7hU4FjekKU4eyAih5T8nJuNZT1nNsskXpxmeqSK9UzkBl6UgRlnKc8hz8IEqOw==",
        "dependencies": {
          "detect-libc": "detect-libc@2.0.3"
        }
      },
      "object-inspect@1.13.1": {
        "integrity": "sha512-5qoj1RUiKOMsCCNLV1CBiPYE10sziTsnmNxkAI/rZhiD63CF7IqdFGC/XzjWjpSgLf0LxXX3bDFIh0E18f6UhQ==",
        "dependencies": {}
      },
      "qs@6.12.1": {
        "integrity": "sha512-zWmv4RSuB9r2mYQw3zxQuHWeU+42aKi1wWig/j4ele4ygELZ7PEO6MM7rim9oAQH2A5MWfsAVf/jPvTPgCbvUQ==",
        "dependencies": {
          "side-channel": "side-channel@1.0.6"
        }
      },
      "redis-errors@1.2.0": {
        "integrity": "sha512-1qny3OExCf0UvUV/5wpYKf2YwPcOqXzkwKKSmKHiE6ZMQs5heeE/c8eXK+PNllPvmjgAbfnsbpkGZWy8cBpn9w==",
        "dependencies": {}
      },
      "redis-parser@3.0.0": {
        "integrity": "sha512-DJnGAeenTdpMEH6uAJRK/uiyEIH9WVsUmoLwzudwGJUwZPp80PDBWPHXSAGNPwNvIXAbe7MSUB1zQFugFml66A==",
        "dependencies": {
          "redis-errors": "redis-errors@1.2.0"
        }
      },
      "safe-buffer@5.2.1": {
        "integrity": "sha512-rp3So07KcdmmKbGvgaNxQSJr7bGVSVk5S9Eq1F+ppbRo70+YeaDxkw5Dd8NPN+GD6bjnYm2VuPuCXmpuYvmCXQ==",
        "dependencies": {}
      },
      "semver@7.6.2": {
        "integrity": "sha512-FNAIBWCx9qcRhoHcgcJ0gvU7SN1lYU2ZXuSfl04bSC5OpvDHFyJCjdNHomPXxjQlCBU67YW64PzY7/VIEH7F2w==",
        "dependencies": {}
      },
      "set-function-length@1.2.2": {
        "integrity": "sha512-pgRc4hJ4/sNjWCSS9AmnS40x3bNMDTknHgL5UaMBTMyJnU90EgWh1Rz+MC9eFu4BuN/UwZjKQuY/1v3rM7HMfg==",
        "dependencies": {
          "define-data-property": "define-data-property@1.1.4",
          "es-errors": "es-errors@1.3.0",
          "function-bind": "function-bind@1.1.2",
          "get-intrinsic": "get-intrinsic@1.2.4",
          "gopd": "gopd@1.0.1",
          "has-property-descriptors": "has-property-descriptors@1.0.2"
        }
      },
      "side-channel@1.0.6": {
        "integrity": "sha512-fDW/EZ6Q9RiO8eFG8Hj+7u/oW+XrPTIChwCOM2+th2A6OblDtYYIpve9m+KvI9Z4C9qSEXlaGR6bTEYHReuglA==",
        "dependencies": {
          "call-bind": "call-bind@1.0.7",
          "es-errors": "es-errors@1.3.0",
          "get-intrinsic": "get-intrinsic@1.2.4",
          "object-inspect": "object-inspect@1.13.1"
        }
      },
      "standard-as-callback@2.1.0": {
        "integrity": "sha512-qoRRSyROncaz1z0mvYqIE4lCd9p2R90i6GxW3uZv5ucSu8tU7B5HXUP1gG8pVZsYNVaXjk8ClXHPttLyxAL48A==",
        "dependencies": {}
      },
      "tr46@0.0.3": {
        "integrity": "sha512-N3WMsuqV66lT30CrXNbEjx4GEwlow3v6rr4mCcv6prnfwhS01rkgyFdjPNBYd9br7LpXV1+Emh01fHnq2Gdgrw==",
        "dependencies": {}
      },
      "tslib@2.6.3": {
        "integrity": "sha512-xNvxJEOUiWPGhUuUdQgAJPKOOJfGnIyKySOc09XkKsgdUV/3E2zvwZYdejjmRgPCgcym1juLH3226yA7sEFJKQ==",
        "dependencies": {}
      },
      "url-template@2.0.8": {
        "integrity": "sha512-XdVKMF4SJ0nP/O7XIPB0JwAEuT9lDIYnNsK8yGVe43y0AWoKeJNdv3ZNWh7ksJ6KqQFjOO6ox/VEitLnaVNufw==",
        "dependencies": {}
      },
      "uuid@9.0.1": {
        "integrity": "sha512-b+1eJOlsR9K8HJpow9Ok3fiWOWSIcIzXodvv0rQjVoOVNpWMpxf1wZNpt4y9h10odCNrqnYp1OBzRktckBe3sA==",
        "dependencies": {}
      },
      "webidl-conversions@3.0.1": {
        "integrity": "sha512-2JAn3z8AR6rjK8Sm8orRC0h/bcl/DqL7tRPdGZ4I1CjdF+EaMLmYxBHyXuKL849eucPFhvBoxMsflfOb8kxaeQ==",
        "dependencies": {}
      },
      "whatwg-url@5.0.0": {
        "integrity": "sha512-saE57nupxk6v3HY35+jzBwYa0rKSy0XR8JSxZPwgLr7ys0IBzhGviA1/TUGJLmSVqs8pb9AnvICXEuOHLprYTw==",
        "dependencies": {
          "tr46": "tr46@0.0.3",
          "webidl-conversions": "webidl-conversions@3.0.1"
        }
      }
    }
  },
  "remote": {},
  "workspace": {
    "dependencies": [
      "npm:bullmq@5.8.2",
      "npm:date-fns-tz@3.1.3",
      "npm:date-fns@3.6.0",
      "npm:linkify-it@5.0.0"
    ]
  }
}
