{
  "name": "@beabee/beabee-common",
  "version": "0.21.0-alpha.2",
  "lockfileVersion": 3,
  "requires": true,
  "packages": {
    "": {
      "name": "@beabee/beabee-common",
      "version": "0.21.0-alpha.2",
      "license": "AGPL-3.0",
      "dependencies": {
        "date-fns": "^3.6.0"
      },
      "devDependencies": {
        "@tsconfig/recommended": "^1.0.3",
        "typescript": "^5.4.3"
      }
    },
    "node_modules/@tsconfig/recommended": {
      "version": "1.0.6",
      "resolved": "https://registry.npmjs.org/@tsconfig/recommended/-/recommended-1.0.6.tgz",
      "integrity": "sha512-0IKu9GHYF1NGTJiYgfWwqnOQSlnE9V9R7YohHNNf0/fj/SyOZWzdd06JFr0fLpg1Mqw0kGbYg8w5xdkSqLKM9g==",
      "dev": true
    },
    "node_modules/date-fns": {
      "version": "3.6.0",
      "resolved": "https://registry.npmjs.org/date-fns/-/date-fns-3.6.0.tgz",
      "integrity": "sha512-fRHTG8g/Gif+kSh50gaGEdToemgfj74aRX3swtiouboip5JDLAyDE9F11nHMIcvOaXeOC6D7SpNhi7uFyB7Uww==",
      "funding": {
        "type": "github",
        "url": "https://github.com/sponsors/kossnocorp"
      }
    },
    "node_modules/typescript": {
      "version": "5.4.5",
      "resolved": "https://registry.npmjs.org/typescript/-/typescript-5.4.5.tgz",
      "integrity": "sha512-vcI4UpRgg81oIRUFwR0WSIHKt11nJ7SAVlYNIu+QpqeyXP+gpQJy/Z4+F0aGxSE4MqwjyXvW/TzgkLAx2AGHwQ==",
      "dev": true,
      "bin": {
        "tsc": "bin/tsc",
        "tsserver": "bin/tsserver"
      },
      "engines": {
        "node": ">=14.17"
      }
    }
  }
}
