{
  "version": "3",
  "packages": {
    "specifiers": {
      "npm:date-fns@3.6.0": "npm:date-fns@3.6.0"
    },
    "npm": {
      "date-fns@3.6.0": {
        "integrity": "sha512-fRHTG8g/Gif+kSh50gaGEdToemgfj74aRX3swtiouboip5JDLAyDE9F11nHMIcvOaXeOC6D7SpNhi7uFyB7Uww==",
        "dependencies": {}
      }
    }
  },
  "remote": {},
  "workspace": {
    "dependencies": [
      "npm:date-fns@3.6.0"
    ],
    "packageJson": {
      "dependencies": [
        "npm:cacheable-request@^12.0.1",
        "npm:concurrently@^8.2.2",
        "npm:date-fns@^3.6.0",
        "npm:typescript@^5.5.3"
      ]
    }
  }
}
